hash: 4cc1579c0e60dfb5bee4fcae1bb03ce60edd79c0143b79479343a5ee2c5fdac2
updated: 2016-08-29T00:11:24.284789317+02:00
imports:
- name: github.com/bborbe/command
  version: 5c99a9607441bc237a31c9ab0cb3648dce3de861
  subpackages:
  - adapter
  - list
- name: github.com/bborbe/http
  version: 610817d35e311dab1adfecb8b048aa019736a58e
  subpackages:
  - client_builder
  - requestbuilder
- name: github.com/bborbe/io
  version: 5891c542e99ec05e63ac475bc8a2202b2fca02aa
  subpackages:
  - util
- name: github.com/golang/glog
  version: 23def4e6c14b4da8ac2ed8007337bc5eb5007998
testImports:
- name: github.com/bborbe/assert
  version: 639eac9a24e3c01472758f3c79452b8517bc29f6
